// !$*UTF8*$!
{
	archiveVersion = 1;
	classes = {
	};
	objectVersion = 110;
	objects = {

/* Begin PBXContainerItemProxy section */
		9A0941B8304CD1E700A89B17 /* PBXContainerItemProxy */ = {
			isa = PBXContainerItemProxy;
			containerPortal = 9A0941A2304CD1E500A89B17 /* Project object */;
			proxyType = 1;
			remoteGlobalIDString = 9A0941A9304CD1E500A89B17;
			remoteInfo = Sekai;
		};
		9A0941C2304CD1E700A89B17 /* PBXContainerItemProxy */ = {
			isa = PBXContainerItemProxy;
			containerPortal = 9A0941A2304CD1E500A89B17 /* Project object */;
			proxyType = 1;
			remoteGlobalIDString = 9A0941A9304CD1E500A89B17;
			remoteInfo = Sekai;
		};
/* End PBXContainerItemProxy section */

/* Begin PBXFileReference section */
		9A0941AA304CD1E500A89B17 /* Sekai.app */ = {isa = PBXFileReference; explicitFileType = wrapper.application; includeInIndex = 0; path = Sekai.app; sourceTree = BUILT_PRODUCTS_DIR; };
		9A0941B7304CD1E700A89B17 /* SekaiTests.xctest */ = {isa = PBXFileReference; explicitFileType = wrapper.cfbundle; includeInIndex = 0; path = SekaiTests.xctest; sourceTree = BUILT_PRODUCTS_DIR; };
		9A0941C1304CD1E700A89B17 /* SekaiUITests.xctest */ = {isa = PBXFileReference; explicitFileType = wrapper.cfbundle; includeInIndex = 0; path = SekaiUITests.xctest; sourceTree = BUILT_PRODUCTS_DIR; };
/* End PBXFileReference section */

/* Begin PBXFileSystemSynchronizedRootGroup section */
		9A0941AC304CD1E500A89B17 /* Sekai */ = {
			isa = PBXFileSystemSynchronizedRootGroup;
			path = Sekai;
			sourceTree = "<group>";
		};
		9A0941BA304CD1E700A89B17 /* SekaiTests */ = {
			isa = PBXFileSystemSynchronizedRootGroup;
			path = SekaiTests;
			sourceTree = "<group>";
		};
		9A0941C4304CD1E700A89B17 /* SekaiUITests */ = {
			isa = PBXFileSystemSynchronizedRootGroup;
			path = SekaiUITests;
			sourceTree = "<group>";
		};
/* End PBXFileSystemSynchronizedRootGroup section */

/* Begin PBXFrameworksBuildPhase section */
		9A0941A7304CD1E500A89B17 /* Frameworks */ = {
			isa = PBXFrameworksBuildPhase;
			files = (
			);
		};
		9A0941B4304CD1E700A89B17 /* Frameworks */ = {
			isa = PBXFrameworksBuildPhase;
			files = (
			);
		};
		9A0941BE304CD1E700A89B17 /* Frameworks */ = {
			isa = PBXFrameworksBuildPhase;
			files = (
			);
		};
/* End PBXFrameworksBuildPhase section */

/* Begin PBXGroup section */
		9A0941A1304CD1E500A89B17 = {
			isa = PBXGroup;
			children = (
				9A0941AC304CD1E500A89B17 /* Sekai */,
				9A0941BA304CD1E700A89B17 /* SekaiTests */,
				9A0941C4304CD1E700A89B17 /* SekaiUITests */,
				9A0941AB304CD1E500A89B17 /* Products */,
			);
			sourceTree = "<group>";
		};
		9A0941AB304CD1E500A89B17 /* Products */ = {
			isa = PBXGroup;
			children = (
				9A0941AA304CD1E500A89B17 /* Sekai.app */,
				9A0941B7304CD1E700A89B17 /* SekaiTests.xctest */,
				9A0941C1304CD1E700A89B17 /* SekaiUITests.xctest */,
			);
			name = Products;
			sourceTree = "<group>";
		};
/* End PBXGroup section */

/* Begin PBXNativeTarget section */
		9A0941A9304CD1E500A89B17 /* Sekai */ = {
			isa = PBXNativeTarget;
			buildConfigurationList = 9A0941C9304CD1E700A89B17 /* Build configuration list for PBXNativeTarget "Sekai" */;
			buildPhases = (
				9A0941A6304CD1E500A89B17 /* Sources */,
				9A0941A7304CD1E500A89B17 /* Frameworks */,
				9A0941A8304CD1E500A89B17 /* Resources */,
			);
			buildRules = (
			);
			fileSystemSynchronizedGroups = (
				9A0941AC304CD1E500A89B17 /* Sekai */,
			);
			name = Sekai;
			productName = Sekai;
			productReference = 9A0941AA304CD1E500A89B17 /* Sekai.app */;
			productType = "com.apple.product-type.application";
		};
		9A0941B6304CD1E700A89B17 /* SekaiTests */ = {
			isa = PBXNativeTarget;
			buildConfigurationList = 9A0941CC304CD1E700A89B17 /* Build configuration list for PBXNativeTarget "SekaiTests" */;
			buildPhases = (
				9A0941B3304CD1E700A89B17 /* Sources */,
				9A0941B4304CD1E700A89B17 /* Frameworks */,
				9A0941B5304CD1E700A89B17 /* Resources */,
			);
			buildRules = (
			);
			dependencies = (
				9A0941B9304CD1E700A89B17 /* PBXTargetDependency */,
			);
			fileSystemSynchronizedGroups = (
				9A0941BA304CD1E700A89B17 /* SekaiTests */,
			);
			name = SekaiTests;
			productName = SekaiTests;
			productReference = 9A0941B7304CD1E700A89B17 /* SekaiTests.xctest */;
			productType = "com.apple.product-type.bundle.unit-test";
		};
		9A0941C0304CD1E700A89B17 /* SekaiUITests */ = {
			isa = PBXNativeTarget;
			buildConfigurationList = 9A0941CF304CD1E700A89B17 /* Build configuration list for PBXNativeTarget "SekaiUITests" */;
			buildPhases = (
				9A0941BD304CD1E700A89B17 /* Sources */,
				9A0941BE304CD1E700A89B17 /* Frameworks */,
				9A0941BF304CD1E700A89B17 /* Resources */,
			);
			buildRules = (
			);
			dependencies = (
				9A0941C3304CD1E700A89B17 /* PBXTargetDependency */,
			);
			fileSystemSynchronizedGroups = (
				9A0941C4304CD1E700A89B17 /* SekaiUITests */,
			);
			name = SekaiUITests;
			productName = SekaiUITests;
			productReference = 9A0941C1304CD1E700A89B17 /* SekaiUITests.xctest */;
			productType = "com.apple.product-type.bundle.ui-testing";
		};
/* End PBXNativeTarget section */

/* Begin PBXProject section */
		9A0941A2304CD1E500A89B17 /* Project object */ = {
			isa = PBXProject;
			attributes = {
				BuildIndependentTargetsInParallel = 1;
				LastSwiftUpdateCheck = 2700;
				LastUpgradeCheck = 2700;
				TargetAttributes = {
					9A0941A9304CD1E500A89B17 = {
						CreatedOnToolsVersion = 27.0;
					};
					9A0941B6304CD1E700A89B17 = {
						CreatedOnToolsVersion = 27.0;
						TestTargetID = 9A0941A9304CD1E500A89B17;
					};
					9A0941C0304CD1E700A89B17 = {
						CreatedOnToolsVersion = 27.0;
						TestTargetID = 9A0941A9304CD1E500A89B17;
					};
				};
			};
			buildConfigurationList = 9A0941A5304CD1E500A89B17 /* Build configuration list for PBXProject "Sekai" */;
			developmentRegion = en;
			hasScannedForEncodings = 0;
			knownRegions = (
				en,
				Base,
			);
			mainGroup = 9A0941A1304CD1E500A89B17;
			minimizedProjectReferenceProxies = 1;
			preferredProjectObjectVersion = 77;
			productRefGroup = 9A0941AB304CD1E500A89B17 /* Products */;
			projectDirPath = "";
			projectRoot = "";
			targets = (
				9A0941A9304CD1E500A89B17 /* Sekai */,
				9A0941B6304CD1E700A89B17 /* SekaiTests */,
				9A0941C0304CD1E700A89B17 /* SekaiUITests */,
			);
		};
/* End PBXProject section */

/* Begin PBXResourcesBuildPhase section */
		9A0941A8304CD1E500A89B17 /* Resources */ = {
			isa = PBXResourcesBuildPhase;
			files = (
			);
		};
		9A0941B5304CD1E700A89B17 /* Resources */ = {
			isa = PBXResourcesBuildPhase;
			files = (
			);
		};
		9A0941BF304CD1E700A89B17 /* Resources */ = {
			isa = PBXResourcesBuildPhase;
			files = (
			);
		};
/* End PBXResourcesBuildPhase section */

/* Begin PBXSourcesBuildPhase section */
		9A0941A6304CD1E500A89B17 /* Sources */ = {
			isa = PBXSourcesBuildPhase;
			files = (
			);
		};
		9A0941B3304CD1E700A89B17 /* Sources */ = {
			isa = PBXSourcesBuildPhase;
			files = (
			);
		};
		9A0941BD304CD1E700A89B17 /* Sources */ = {
			isa = PBXSourcesBuildPhase;
			files = (
			);
		};
/* End PBXSourcesBuildPhase section */

/* Begin PBXTargetDependency section */
		9A0941B9304CD1E700A89B17 /* PBXTargetDependency */ = {
			isa = PBXTargetDependency;
			target = 9A0941A9304CD1E500A89B17 /* Sekai */;
			targetProxy = 9A0941B8304CD1E700A89B17 /* PBXContainerItemProxy */;
		};
		9A0941C3304CD1E700A89B17 /* PBXTargetDependency */ = {
			isa = PBXTargetDependency;
			target = 9A0941A9304CD1E500A89B17 /* Sekai */;
			targetProxy = 9A0941C2304CD1E700A89B17 /* PBXContainerItemProxy */;
		};
/* End PBXTargetDependency section */

/* Begin XCBuildConfiguration section */
		9A0941C7304CD1E700A89B17 /* Debug configuration for PBXProject "Sekai" */ = {
			isa = XCBuildConfiguration;
			buildSettings = {
				ALWAYS_SEARCH_USER_PATHS = NO;
				ASSETCATALOG_COMPILER_GENERATE_SWIFT_ASSET_SYMBOL_EXTENSIONS = YES;
				CLANG_ANALYZER_NONNULL = YES;
				CLANG_ANALYZER_NUMBER_OBJECT_CONVERSION = YES_AGGRESSIVE;
				CLANG_CXX_LANGUAGE_STANDARD = "gnu++20";
				CLANG_ENABLE_MODULES = YES;
				CLANG_ENABLE_OBJC_ARC = YES;
				CLANG_ENABLE_OBJC_WEAK = YES;
				CLANG_WARN_BLOCK_CAPTURE_AUTORELEASING = YES;
				CLANG_WARN_BOOL_CONVERSION = YES;
				CLANG_WARN_COMMA = YES;
				CLANG_WARN_CONSTANT_CONVERSION = YES;
				CLANG_WARN_DEPRECATED_OBJC_IMPLEMENTATIONS = YES;
				CLANG_WARN_DIRECT_OBJC_ISA_USAGE = YES_ERROR;
				CLANG_WARN_DOCUMENTATION_COMMENTS = YES;
				CLANG_WARN_EMPTY_BODY = YES;
				CLANG_WARN_ENUM_CONVERSION = YES;
				CLANG_WARN_INFINITE_RECURSION = YES;
				CLANG_WARN_INT_CONVERSION = YES;
				CLANG_WARN_NON_LITERAL_NULL_CONVERSION = YES;
				CLANG_WARN_OBJC_IMPLICIT_RETAIN_SELF = YES;
				CLANG_WARN_OBJC_LITERAL_CONVERSION = YES;
				CLANG_WARN_OBJC_ROOT_CLASS = YES_ERROR;
				CLANG_WARN_QUOTED_INCLUDE_IN_FRAMEWORK_HEADER = YES;
				CLANG_WARN_RANGE_LOOP_ANALYSIS = YES;
				CLANG_WARN_STRICT_PROTOTYPES = YES;
				CLANG_WARN_SUSPICIOUS_MOVE = YES;
				CLANG_WARN_UNGUARDED_AVAILABILITY = YES_AGGRESSIVE;
				CLANG_WARN_UNREACHABLE_CODE = YES;
				CLANG_WARN__DUPLICATE_METHOD_MATCH = YES;
				COPY_PHASE_STRIP = NO;
				DEBUG_INFORMATION_FORMAT = dwarf;
				ENABLE_STRICT_OBJC_MSGSEND = YES;
				ENABLE_TESTABILITY = YES;
				ENABLE_USER_SCRIPT_SANDBOXING = YES;
				GCC_C_LANGUAGE_STANDARD = gnu17;
				GCC_DYNAMIC_NO_PIC = NO;
				GCC_NO_COMMON_BLOCKS = YES;
				GCC_OPTIMIZATION_LEVEL = 0;
				GCC_PREPROCESSOR_DEFINITIONS = (
					"DEBUG=1",
					"$(inherited)",
				);
				GCC_WARN_64_TO_32_BIT_CONVERSION = YES;
				GCC_WARN_ABOUT_RETURN_TYPE = YES_ERROR;
				GCC_WARN_UNDECLARED_SELECTOR = YES;
				GCC_WARN_UNINITIALIZED_AUTOS = YES_AGGRESSIVE;
				GCC_WARN_UNUSED_FUNCTION = YES;
				GCC_WARN_UNUSED_VARIABLE = YES;
				LOCALIZATION_PREFERS_STRING_CATALOGS = YES;
				MTL_ENABLE_DEBUG_INFO = INCLUDE_SOURCE;
				MTL_FAST_MATH = YES;
				ONLY_ACTIVE_ARCH = YES;
				SWIFT_ACTIVE_COMPILATION_CONDITIONS = "DEBUG $(inherited)";
				SWIFT_OPTIMIZATION_LEVEL = "-Onone";
			};
			name = Debug;
		};
		9A0941C8304CD1E700A89B17 /* Release configuration for PBXProject "Sekai" */ = {
			isa = XCBuildConfiguration;
			buildSettings = {
				ALWAYS_SEARCH_USER_PATHS = NO;
				ASSETCATALOG_COMPILER_GENERATE_SWIFT_ASSET_SYMBOL_EXTENSIONS = YES;
				CLANG_ANALYZER_NONNULL = YES;
				CLANG_ANALYZER_NUMBER_OBJECT_CONVERSION = YES_AGGRESSIVE;
				CLANG_CXX_LANGUAGE_STANDARD = "gnu++20";
				CLANG_ENABLE_MODULES = YES;
				CLANG_ENABLE_OBJC_ARC = YES;
				CLANG_ENABLE_OBJC_WEAK = YES;
				CLANG_WARN_BLOCK_CAPTURE_AUTORELEASING = YES;
				CLANG_WARN_BOOL_CONVERSION = YES;
				CLANG_WARN_COMMA = YES;
				CLANG_WARN_CONSTANT_CONVERSION = YES;
				CLANG_WARN_DEPRECATED_OBJC_IMPLEMENTATIONS = YES;
				CLANG_WARN_DIRECT_OBJC_ISA_USAGE = YES_ERROR;
				CLANG_WARN_DOCUMENTATION_COMMENTS = YES;
				CLANG_WARN_EMPTY_BODY = YES;
				CLANG_WARN_ENUM_CONVERSION = YES;
				CLANG_WARN_INFINITE_RECURSION = YES;
				CLANG_WARN_INT_CONVERSION = YES;
				CLANG_WARN_NON_LITERAL_NULL_CONVERSION = YES;
				CLANG_WARN_OBJC_IMPLICIT_RETAIN_SELF = YES;
				CLANG_WARN_OBJC_LITERAL_CONVERSION = YES;
				CLANG_WARN_OBJC_ROOT_CLASS = YES_ERROR;
				CLANG_WARN_QUOTED_INCLUDE_IN_FRAMEWORK_HEADER = YES;
				CLANG_WARN_RANGE_LOOP_ANALYSIS = YES;
				CLANG_WARN_STRICT_PROTOTYPES = YES;
				CLANG_WARN_SUSPICIOUS_MOVE = YES;
				CLANG_WARN_UNGUARDED_AVAILABILITY = YES_AGGRESSIVE;
				CLANG_WARN_UNREACHABLE_CODE = YES;
				CLANG_WARN__DUPLICATE_METHOD_MATCH = YES;
				COPY_PHASE_STRIP = NO;
				DEBUG_INFORMATION_FORMAT = "dwarf-with-dsym";
				ENABLE_NS_ASSERTIONS = NO;
				ENABLE_STRICT_OBJC_MSGSEND = YES;
				ENABLE_USER_SCRIPT_SANDBOXING = YES;
				GCC_C_LANGUAGE_STANDARD = gnu17;
				GCC_NO_COMMON_BLOCKS = YES;
				GCC_WARN_64_TO_32_BIT_CONVERSION = YES;
				GCC_WARN_ABOUT_RETURN_TYPE = YES_ERROR;
				GCC_WARN_UNDECLARED_SELECTOR = YES;
				GCC_WARN_UNINITIALIZED_AUTOS = YES_AGGRESSIVE;
				GCC_WARN_UNUSED_FUNCTION = YES;
				GCC_WARN_UNUSED_VARIABLE = YES;
				LOCALIZATION_PREFERS_STRING_CATALOGS = YES;
				MTL_ENABLE_DEBUG_INFO = NO;
				MTL_FAST_MATH = YES;
				SWIFT_COMPILATION_MODE = wholemodule;
			};
			name = Release;
		};
		9A0941CA304CD1E700A89B17 /* Debug configuration for PBXNativeTarget "Sekai" */ = {
			isa = XCBuildConfiguration;
			buildSettings = {
				ASSETCATALOG_COMPILER_APPICON_NAME = AppIcon;
				ASSETCATALOG_COMPILER_GLOBAL_ACCENT_COLOR_NAME = AccentColor;
				CODE_SIGN_STYLE = Automatic;
				CURRENT_PROJECT_VERSION = 1;
				DEVELOPMENT_TEAM = L7G56RWWMZ;
				ENABLE_APP_SANDBOX = YES;
				ENABLE_CODE_COVERAGE = NO;
				ENABLE_PREVIEWS = YES;
				ENABLE_USER_SELECTED_FILES = readonly;
				EXCLUDED_SOURCE_FILE_NAMES = Info.plist;
				GENERATE_INFOPLIST_FILE = YES;
				INFOPLIST_FILE = Sekai/Info.plist;
				INFOPLIST_KEY_NSLocalNetworkUsageDescription = "Connect to the local Sekai mock server.";
				"INFOPLIST_KEY_UIApplicationSceneManifest_Generation[sdk=iphoneos*]" = YES;
				"INFOPLIST_KEY_UIApplicationSceneManifest_Generation[sdk=iphonesimulator*]" = YES;
				"INFOPLIST_KEY_UIApplicationSupportsIndirectInputEvents[sdk=iphoneos*]" = YES;
				"INFOPLIST_KEY_UIApplicationSupportsIndirectInputEvents[sdk=iphonesimulator*]" = YES;
				"INFOPLIST_KEY_UILaunchScreen_Generation[sdk=iphoneos*]" = YES;
				"INFOPLIST_KEY_UILaunchScreen_Generation[sdk=iphonesimulator*]" = YES;
				"INFOPLIST_KEY_UIStatusBarStyle[sdk=iphoneos*]" = UIStatusBarStyleDefault;
				"INFOPLIST_KEY_UIStatusBarStyle[sdk=iphonesimulator*]" = UIStatusBarStyleDefault;
				INFOPLIST_KEY_UISupportedInterfaceOrientations_iPad = "UIInterfaceOrientationPortrait UIInterfaceOrientationPortraitUpsideDown UIInterfaceOrientationLandscapeLeft UIInterfaceOrientationLandscapeRight";
				INFOPLIST_KEY_UISupportedInterfaceOrientations_iPhone = "UIInterfaceOrientationPortrait UIInterfaceOrientationLandscapeLeft UIInterfaceOrientationLandscapeRight";
				IPHONEOS_DEPLOYMENT_TARGET = 15.0;
				LD_RUNPATH_SEARCH_PATHS = "@executable_path/Frameworks";
				"LD_RUNPATH_SEARCH_PATHS[sdk=macosx*]" = "@executable_path/../Frameworks";
				MACOSX_DEPLOYMENT_TARGET = 27.0;
				MARKETING_VERSION = 1.0;
				PRODUCT_BUNDLE_IDENTIFIER = com.sekai.takehome.Sekai;
				PRODUCT_NAME = "$(TARGET_NAME)";
				REGISTER_APP_GROUPS = YES;
				SDKROOT = auto;
				STRING_CATALOG_GENERATE_SYMBOLS = YES;
				SUPPORTED_PLATFORMS = "iphoneos iphonesimulator";
				SWIFT_APPROACHABLE_CONCURRENCY = YES;
				SWIFT_DEFAULT_ACTOR_ISOLATION = nonisolated;
				SWIFT_EMIT_LOC_STRINGS = YES;
				SWIFT_STRICT_CONCURRENCY = complete;
				SWIFT_UPCOMING_FEATURE_MEMBER_IMPORT_VISIBILITY = YES;
				SWIFT_VERSION = 5.0;
				TARGETED_DEVICE_FAMILY = "1,2";
				XROS_DEPLOYMENT_TARGET = 27.0;
			};
			name = Debug;
		};
		9A0941CB304CD1E700A89B17 /* Release configuration for PBXNativeTarget "Sekai" */ = {
			isa = XCBuildConfiguration;
			buildSettings = {
				ASSETCATALOG_COMPILER_APPICON_NAME = AppIcon;
				ASSETCATALOG_COMPILER_GLOBAL_ACCENT_COLOR_NAME = AccentColor;
				CODE_SIGN_STYLE = Automatic;
				CURRENT_PROJECT_VERSION = 1;
				DEVELOPMENT_TEAM = L7G56RWWMZ;
				ENABLE_APP_SANDBOX = YES;
				ENABLE_CODE_COVERAGE = NO;
				ENABLE_PREVIEWS = YES;
				ENABLE_USER_SELECTED_FILES = readonly;
				EXCLUDED_SOURCE_FILE_NAMES = Info.plist;
				GENERATE_INFOPLIST_FILE = YES;
				INFOPLIST_FILE = Sekai/Info.plist;
				INFOPLIST_KEY_NSLocalNetworkUsageDescription = "Connect to the local Sekai mock server.";
				"INFOPLIST_KEY_UIApplicationSceneManifest_Generation[sdk=iphoneos*]" = YES;
				"INFOPLIST_KEY_UIApplicationSceneManifest_Generation[sdk=iphonesimulator*]" = YES;
				"INFOPLIST_KEY_UIApplicationSupportsIndirectInputEvents[sdk=iphoneos*]" = YES;
				"INFOPLIST_KEY_UIApplicationSupportsIndirectInputEvents[sdk=iphonesimulator*]" = YES;
				"INFOPLIST_KEY_UILaunchScreen_Generation[sdk=iphoneos*]" = YES;
				"INFOPLIST_KEY_UILaunchScreen_Generation[sdk=iphonesimulator*]" = YES;
				"INFOPLIST_KEY_UIStatusBarStyle[sdk=iphoneos*]" = UIStatusBarStyleDefault;
				"INFOPLIST_KEY_UIStatusBarStyle[sdk=iphonesimulator*]" = UIStatusBarStyleDefault;
				INFOPLIST_KEY_UISupportedInterfaceOrientations_iPad = "UIInterfaceOrientationPortrait UIInterfaceOrientationPortraitUpsideDown UIInterfaceOrientationLandscapeLeft UIInterfaceOrientationLandscapeRight";
				INFOPLIST_KEY_UISupportedInterfaceOrientations_iPhone = "UIInterfaceOrientationPortrait UIInterfaceOrientationLandscapeLeft UIInterfaceOrientationLandscapeRight";
				IPHONEOS_DEPLOYMENT_TARGET = 15.0;
				LD_RUNPATH_SEARCH_PATHS = "@executable_path/Frameworks";
				"LD_RUNPATH_SEARCH_PATHS[sdk=macosx*]" = "@executable_path/../Frameworks";
				MACOSX_DEPLOYMENT_TARGET = 27.0;
				MARKETING_VERSION = 1.0;
				PRODUCT_BUNDLE_IDENTIFIER = com.sekai.takehome.Sekai;
				PRODUCT_NAME = "$(TARGET_NAME)";
				REGISTER_APP_GROUPS = YES;
				SDKROOT = auto;
				STRING_CATALOG_GENERATE_SYMBOLS = YES;
				SUPPORTED_PLATFORMS = "iphoneos iphonesimulator";
				SWIFT_APPROACHABLE_CONCURRENCY = YES;
				SWIFT_DEFAULT_ACTOR_ISOLATION = nonisolated;
				SWIFT_EMIT_LOC_STRINGS = YES;
				SWIFT_STRICT_CONCURRENCY = complete;
				SWIFT_UPCOMING_FEATURE_MEMBER_IMPORT_VISIBILITY = YES;
				SWIFT_VERSION = 5.0;
				TARGETED_DEVICE_FAMILY = "1,2";
				XROS_DEPLOYMENT_TARGET = 27.0;
			};
			name = Release;
		};
		9A0941CD304CD1E700A89B17 /* Debug configuration for PBXNativeTarget "SekaiTests" */ = {
			isa = XCBuildConfiguration;
			buildSettings = {
				BUNDLE_LOADER = "$(TEST_HOST)";
				CODE_SIGN_STYLE = Automatic;
				CURRENT_PROJECT_VERSION = 1;
				GENERATE_INFOPLIST_FILE = YES;
				IPHONEOS_DEPLOYMENT_TARGET = 15.0;
				MACOSX_DEPLOYMENT_TARGET = 27.0;
				MARKETING_VERSION = 1.0;
				PRODUCT_BUNDLE_IDENTIFIER = com.sekai.takehome.SekaiTests;
				PRODUCT_NAME = "$(TARGET_NAME)";
				SDKROOT = auto;
				STRING_CATALOG_GENERATE_SYMBOLS = NO;
				SUPPORTED_PLATFORMS = "iphoneos iphonesimulator";
				SWIFT_APPROACHABLE_CONCURRENCY = YES;
				SWIFT_DEFAULT_ACTOR_ISOLATION = nonisolated;
				SWIFT_EMIT_LOC_STRINGS = NO;
				SWIFT_UPCOMING_FEATURE_MEMBER_IMPORT_VISIBILITY = YES;
				SWIFT_VERSION = 5.0;
				TARGETED_DEVICE_FAMILY = "1,2";
				TEST_HOST = "$(BUILT_PRODUCTS_DIR)/Sekai.app/$(BUNDLE_EXECUTABLE_FOLDER_PATH)/Sekai";
				XROS_DEPLOYMENT_TARGET = 27.0;
			};
			name = Debug;
		};
		9A0941CE304CD1E700A89B17 /* Release configuration for PBXNativeTarget "SekaiTests" */ = {
			isa = XCBuildConfiguration;
			buildSettings = {
				BUNDLE_LOADER = "$(TEST_HOST)";
				CODE_SIGN_STYLE = Automatic;
				CURRENT_PROJECT_VERSION = 1;
				GENERATE_INFOPLIST_FILE = YES;
				IPHONEOS_DEPLOYMENT_TARGET = 15.0;
				MACOSX_DEPLOYMENT_TARGET = 27.0;
				MARKETING_VERSION = 1.0;
				PRODUCT_BUNDLE_IDENTIFIER = com.sekai.takehome.SekaiTests;
				PRODUCT_NAME = "$(TARGET_NAME)";
				SDKROOT = auto;
				STRING_CATALOG_GENERATE_SYMBOLS = NO;
				SUPPORTED_PLATFORMS = "iphoneos iphonesimulator";
				SWIFT_APPROACHABLE_CONCURRENCY = YES;
				SWIFT_DEFAULT_ACTOR_ISOLATION = nonisolated;
				SWIFT_EMIT_LOC_STRINGS = NO;
				SWIFT_UPCOMING_FEATURE_MEMBER_IMPORT_VISIBILITY = YES;
				SWIFT_VERSION = 5.0;
				TARGETED_DEVICE_FAMILY = "1,2";
				TEST_HOST = "$(BUILT_PRODUCTS_DIR)/Sekai.app/$(BUNDLE_EXECUTABLE_FOLDER_PATH)/Sekai";
				XROS_DEPLOYMENT_TARGET = 27.0;
			};
			name = Release;
		};
		9A0941D0304CD1E700A89B17 /* Debug configuration for PBXNativeTarget "SekaiUITests" */ = {
			isa = XCBuildConfiguration;
			buildSettings = {
				CODE_SIGN_STYLE = Automatic;
				CURRENT_PROJECT_VERSION = 1;
				GENERATE_INFOPLIST_FILE = YES;
				IPHONEOS_DEPLOYMENT_TARGET = 15.0;
				MACOSX_DEPLOYMENT_TARGET = 27.0;
				MARKETING_VERSION = 1.0;
				PRODUCT_BUNDLE_IDENTIFIER = com.sekai.takehome.SekaiUITests;
				PRODUCT_NAME = "$(TARGET_NAME)";
				SDKROOT = auto;
				STRING_CATALOG_GENERATE_SYMBOLS = NO;
				SUPPORTED_PLATFORMS = "iphoneos iphonesimulator";
				SWIFT_APPROACHABLE_CONCURRENCY = YES;
				SWIFT_DEFAULT_ACTOR_ISOLATION = nonisolated;
				SWIFT_EMIT_LOC_STRINGS = NO;
				SWIFT_UPCOMING_FEATURE_MEMBER_IMPORT_VISIBILITY = YES;
				SWIFT_VERSION = 5.0;
				TARGETED_DEVICE_FAMILY = "1,2";
				TEST_TARGET_NAME = Sekai;
				XROS_DEPLOYMENT_TARGET = 27.0;
			};
			name = Debug;
		};
		9A0941D1304CD1E700A89B17 /* Release configuration for PBXNativeTarget "SekaiUITests" */ = {
			isa = XCBuildConfiguration;
			buildSettings = {
				CODE_SIGN_STYLE = Automatic;
				CURRENT_PROJECT_VERSION = 1;
				GENERATE_INFOPLIST_FILE = YES;
				IPHONEOS_DEPLOYMENT_TARGET = 15.0;
				MACOSX_DEPLOYMENT_TARGET = 27.0;
				MARKETING_VERSION = 1.0;
				PRODUCT_BUNDLE_IDENTIFIER = com.sekai.takehome.SekaiUITests;
				PRODUCT_NAME = "$(TARGET_NAME)";
				SDKROOT = auto;
				STRING_CATALOG_GENERATE_SYMBOLS = NO;
				SUPPORTED_PLATFORMS = "iphoneos iphonesimulator";
				SWIFT_APPROACHABLE_CONCURRENCY = YES;
				SWIFT_DEFAULT_ACTOR_ISOLATION = nonisolated;
				SWIFT_EMIT_LOC_STRINGS = NO;
				SWIFT_UPCOMING_FEATURE_MEMBER_IMPORT_VISIBILITY = YES;
				SWIFT_VERSION = 5.0;
				TARGETED_DEVICE_FAMILY = "1,2";
				TEST_TARGET_NAME = Sekai;
				XROS_DEPLOYMENT_TARGET = 27.0;
			};
			name = Release;
		};
/* End XCBuildConfiguration section */

/* Begin XCConfigurationList section */
		9A0941A5304CD1E500A89B17 /* Build configuration list for PBXProject "Sekai" */ = {
			isa = XCConfigurationList;
			buildConfigurations = (
				9A0941C7304CD1E700A89B17 /* Debug configuration for PBXProject "Sekai" */,
				9A0941C8304CD1E700A89B17 /* Release configuration for PBXProject "Sekai" */,
			);
			defaultConfigurationName = Release;
		};
		9A0941C9304CD1E700A89B17 /* Build configuration list for PBXNativeTarget "Sekai" */ = {
			isa = XCConfigurationList;
			buildConfigurations = (
				9A0941CA304CD1E700A89B17 /* Debug configuration for PBXNativeTarget "Sekai" */,
				9A0941CB304CD1E700A89B17 /* Release configuration for PBXNativeTarget "Sekai" */,
			);
			defaultConfigurationName = Release;
		};
		9A0941CC304CD1E700A89B17 /* Build configuration list for PBXNativeTarget "SekaiTests" */ = {
			isa = XCConfigurationList;
			buildConfigurations = (
				9A0941CD304CD1E700A89B17 /* Debug configuration for PBXNativeTarget "SekaiTests" */,
				9A0941CE304CD1E700A89B17 /* Release configuration for PBXNativeTarget "SekaiTests" */,
			);
			defaultConfigurationName = Release;
		};
		9A0941CF304CD1E700A89B17 /* Build configuration list for PBXNativeTarget "SekaiUITests" */ = {
			isa = XCConfigurationList;
			buildConfigurations = (
				9A0941D0304CD1E700A89B17 /* Debug configuration for PBXNativeTarget "SekaiUITests" */,
				9A0941D1304CD1E700A89B17 /* Release configuration for PBXNativeTarget "SekaiUITests" */,
			);
			defaultConfigurationName = Release;
		};
/* End XCConfigurationList section */
	};
	rootObject = 9A0941A2304CD1E500A89B17 /* Project object */;
	validationLevel = 1;
}
