<?xml version="1.0" encoding="UTF-8"?>
<Scheme LastUpgradeVersion="2700" version="1.3">
   <BuildAction parallelizeBuildables="YES" buildImplicitDependencies="YES">
      <BuildActionEntries>
         <BuildActionEntry buildForTesting="YES" buildForRunning="YES" buildForProfiling="YES" buildForArchiving="YES" buildForAnalyzing="YES">
            <BuildableReference BuildableIdentifier="primary" BlueprintIdentifier="9A0941A9304CD1E500A89B17" BuildableName="Sekai.app" BlueprintName="Sekai" ReferencedContainer="container:Sekai.xcodeproj">
            </BuildableReference>
         </BuildActionEntry>
      </BuildActionEntries>
   </BuildAction>
   <TestAction buildConfiguration="Debug" selectedDebuggerIdentifier="Xcode.DebuggerFoundation.Debugger.LLDB" selectedLauncherIdentifier="Xcode.DebuggerFoundation.Launcher.LLDB" shouldUseLaunchSchemeArgsEnv="YES">
      <Testables>
         <TestableReference skipped="NO">
            <BuildableReference BuildableIdentifier="primary" BlueprintIdentifier="9A0941B6304CD1E700A89B17" BuildableName="SekaiTests.xctest" BlueprintName="SekaiTests" ReferencedContainer="container:Sekai.xcodeproj">
            </BuildableReference>
         </TestableReference>
      </Testables>
   </TestAction>
   <LaunchAction buildConfiguration="Debug" selectedDebuggerIdentifier="Xcode.DebuggerFoundation.Debugger.LLDB" selectedLauncherIdentifier="Xcode.DebuggerFoundation.Launcher.LLDB" launchStyle="0" useCustomWorkingDirectory="NO" ignoresPersistentStateOnLaunch="NO" debugDocumentVersioning="YES" debugServiceExtension="internal" allowLocationSimulation="YES">
      <BuildableProductRunnable runnableDebuggingMode="0">
         <BuildableReference BuildableIdentifier="primary" BlueprintIdentifier="9A0941A9304CD1E500A89B17" BuildableName="Sekai.app" BlueprintName="Sekai" ReferencedContainer="container:Sekai.xcodeproj">
         </BuildableReference>
      </BuildableProductRunnable>
      <EnvironmentVariables>
         <EnvironmentVariable key="SEKAI_BASE_URL" value="http://127.0.0.1:8787" isEnabled="YES" />
      </EnvironmentVariables>
   </LaunchAction>
   <ProfileAction buildConfiguration="Release" shouldUseLaunchSchemeArgsEnv="YES" savedToolIdentifier="" useCustomWorkingDirectory="NO" debugDocumentVersioning="YES">
      <BuildableProductRunnable runnableDebuggingMode="0">
         <BuildableReference BuildableIdentifier="primary" BlueprintIdentifier="9A0941A9304CD1E500A89B17" BuildableName="Sekai.app" BlueprintName="Sekai" ReferencedContainer="container:Sekai.xcodeproj">
         </BuildableReference>
      </BuildableProductRunnable>
   </ProfileAction>
   <AnalyzeAction buildConfiguration="Debug">
   </AnalyzeAction>
   <ArchiveAction buildConfiguration="Release" revealArchiveInOrganizer="YES">
   </ArchiveAction>
</Scheme>
